
Microsoft Visual Studio Solution File, Format Version 12.00
# Visual Studio Version 16
VisualStudioVersion = 16.0.28729.10
MinimumVisualStudioVersion = 10.0.40219.1
Project("{FAE04EC0-301F-11D3-BF4B-00C04F79EFBC}") = "CodeStream.VisualStudio", "CodeStream.VisualStudio\CodeStream.VisualStudio.csproj", "{EB360D87-8769-44A4-B837-8BC3279070C9}"
EndProject
Project("{2150E333-8FDC-42A3-9474-1A3956D46DE8}") = "Tests", "Tests", "{5BFDF0EC-9F77-4ED8-A7C9-BDED85BD3239}"
EndProject
Project("{FAE04EC0-301F-11D3-BF4B-00C04F79EFBC}") = "CodeStream.VisualStudio.UnitTests", "CodeStream.VisualStudio.UnitTests\CodeStream.VisualStudio.UnitTests.csproj", "{5170B4CF-9657-4AB1-BC9E-F91D90076DF3}"
EndProject
Project("{2150E333-8FDC-42A3-9474-1A3956D46DE8}") = "Etc", "Etc", "{DFA25193-0839-46E6-A714-513A4656FC74}"
	ProjectSection(SolutionItems) = preProject
		..\publish\overview.md = ..\publish\overview.md
		..\package-lock.json = ..\package-lock.json
		..\package.json = ..\package.json
		..\publish\publishManifest.json = ..\publish\publishManifest.json
		README.dev.md = README.dev.md
		..\webpack.config.js = ..\webpack.config.js
	EndProjectSection
EndProject
Project("{FAE04EC0-301F-11D3-BF4B-00C04F79EFBC}") = "CodeStream.VisualStudio.Shell.2017", "CodeStream.VisualStudio.Shell.2017\CodeStream.VisualStudio.Shell.2017.csproj", "{689F3AA3-DE22-4675-A461-C92F1E1EE2FB}"
EndProject
Project("{FAE04EC0-301F-11D3-BF4B-00C04F79EFBC}") = "CodeStream.VisualStudio.Shell.2019", "CodeStream.VisualStudio.Shell.2019\CodeStream.VisualStudio.Shell.2019.csproj", "{E45E73E2-3442-464F-A54F-A5B8A8E48084}"
EndProject
Project("{FAE04EC0-301F-11D3-BF4B-00C04F79EFBC}") = "CodeStream.VisualStudio.Core", "CodeStream.VisualStudio.Core\CodeStream.VisualStudio.Core.csproj", "{1A29B558-C55A-4769-AD37-69F903ED6EB3}"
EndProject
Project("{2150E333-8FDC-42A3-9474-1A3956D46DE8}") = "Solution Items", "Solution Items", "{9478D8FC-611C-4663-9953-2284BAE2545F}"
	ProjectSection(SolutionItems) = preProject
		.editorconfig = .editorconfig
	EndProjectSection
EndProject
Global
	GlobalSection(SolutionConfigurationPlatforms) = preSolution
		Debug|Any CPU = Debug|Any CPU
		Debug|x86 = Debug|x86
		Release|Any CPU = Release|Any CPU
		Release|x86 = Release|x86
	EndGlobalSection
	GlobalSection(ProjectConfigurationPlatforms) = postSolution
		{EB360D87-8769-44A4-B837-8BC3279070C9}.Debug|Any CPU.ActiveCfg = Debug|x86
		{EB360D87-8769-44A4-B837-8BC3279070C9}.Debug|x86.ActiveCfg = Debug|x86
		{EB360D87-8769-44A4-B837-8BC3279070C9}.Debug|x86.Build.0 = Debug|x86
		{EB360D87-8769-44A4-B837-8BC3279070C9}.Release|Any CPU.ActiveCfg = Release|x86
		{EB360D87-8769-44A4-B837-8BC3279070C9}.Release|x86.ActiveCfg = Release|x86
		{EB360D87-8769-44A4-B837-8BC3279070C9}.Release|x86.Build.0 = Release|x86
		{5170B4CF-9657-4AB1-BC9E-F91D90076DF3}.Debug|Any CPU.ActiveCfg = Debug|x86
		{5170B4CF-9657-4AB1-BC9E-F91D90076DF3}.Debug|x86.ActiveCfg = Debug|x86
		{5170B4CF-9657-4AB1-BC9E-F91D90076DF3}.Debug|x86.Build.0 = Debug|x86
		{5170B4CF-9657-4AB1-BC9E-F91D90076DF3}.Release|Any CPU.ActiveCfg = Release|x86
		{5170B4CF-9657-4AB1-BC9E-F91D90076DF3}.Release|x86.ActiveCfg = Release|x86
		{5170B4CF-9657-4AB1-BC9E-F91D90076DF3}.Release|x86.Build.0 = Release|x86
		{689F3AA3-DE22-4675-A461-C92F1E1EE2FB}.Debug|Any CPU.ActiveCfg = Debug|x86
		{689F3AA3-DE22-4675-A461-C92F1E1EE2FB}.Debug|x86.ActiveCfg = Debug|x86
		{689F3AA3-DE22-4675-A461-C92F1E1EE2FB}.Debug|x86.Build.0 = Debug|x86
		{689F3AA3-DE22-4675-A461-C92F1E1EE2FB}.Release|Any CPU.ActiveCfg = Release|x86
		{689F3AA3-DE22-4675-A461-C92F1E1EE2FB}.Release|x86.ActiveCfg = Release|x86
		{689F3AA3-DE22-4675-A461-C92F1E1EE2FB}.Release|x86.Build.0 = Release|x86
		{E45E73E2-3442-464F-A54F-A5B8A8E48084}.Debug|Any CPU.ActiveCfg = Debug|x86
		{E45E73E2-3442-464F-A54F-A5B8A8E48084}.Debug|x86.ActiveCfg = Debug|x86
		{E45E73E2-3442-464F-A54F-A5B8A8E48084}.Debug|x86.Build.0 = Debug|x86
		{E45E73E2-3442-464F-A54F-A5B8A8E48084}.Release|Any CPU.ActiveCfg = Release|x86
		{E45E73E2-3442-464F-A54F-A5B8A8E48084}.Release|x86.ActiveCfg = Release|x86
		{E45E73E2-3442-464F-A54F-A5B8A8E48084}.Release|x86.Build.0 = Release|x86
		{1A29B558-C55A-4769-AD37-69F903ED6EB3}.Debug|Any CPU.ActiveCfg = Debug|x86
		{1A29B558-C55A-4769-AD37-69F903ED6EB3}.Debug|x86.ActiveCfg = Debug|x86
		{1A29B558-C55A-4769-AD37-69F903ED6EB3}.Debug|x86.Build.0 = Debug|x86
		{1A29B558-C55A-4769-AD37-69F903ED6EB3}.Release|Any CPU.ActiveCfg = Release|x86
		{1A29B558-C55A-4769-AD37-69F903ED6EB3}.Release|x86.ActiveCfg = Release|x86
		{1A29B558-C55A-4769-AD37-69F903ED6EB3}.Release|x86.Build.0 = Release|x86
	EndGlobalSection
	GlobalSection(SolutionProperties) = preSolution
		HideSolutionNode = FALSE
	EndGlobalSection
	GlobalSection(NestedProjects) = preSolution
		{5170B4CF-9657-4AB1-BC9E-F91D90076DF3} = {5BFDF0EC-9F77-4ED8-A7C9-BDED85BD3239}
	EndGlobalSection
	GlobalSection(ExtensibilityGlobals) = postSolution
		SolutionGuid = {CA2F01D3-69DD-4FEE-B239-775F5C1DFA2F}
	EndGlobalSection
EndGlobal
